{
	"name": "dev-doc-ts-quick-start",
	"version": "1.0.0",
	"lockfileVersion": 1,
	"requires": true,
	"dependencies": {
		"@types/events": {
			"version": "3.0.0",
			"resolved": "https://registry.npmjs.org/@types/events/-/events-3.0.0.tgz",
			"integrity": "sha512-EaObqwIvayI5a8dCzhFrjKzVwKLxjoG9T6Ppd5CEo07LRKfQ8Yokw54r5+Wq7FaBQ+yXRvQAYPrHwya1/UFt9g==",
			"dev": true
		},
		"@types/node": {
			"version": "14.0.19",
			"resolved": "https://registry.npmjs.org/@types/node/-/node-14.0.19.tgz",
			"integrity": "sha512-yf3BP/NIXF37BjrK5klu//asUWitOEoUP5xE1mhSUjazotwJ/eJDgEmMQNlOeWOVv72j24QQ+3bqXHE++CFGag==",
			"dev": true
		},
		"@types/puppeteer": {
			"version": "1.6.2",
			"resolved": "https://registry.npmjs.org/@types/puppeteer/-/puppeteer-1.6.2.tgz",
			"integrity": "sha512-7dDV8LiOFwnvDnWhBA7KFmd/BWwP8c8ac3X7/OXst9Q5JXg0qGpmNkEKh24XOxUbtWtVUvma9ZCb6ZmVjvioJA==",
			"dev": true,
			"requires": {
				"@types/events": "*",
				"@types/node": "*"
			}
		},
		"typescript": {
			"version": "3.9.6",
			"resolved": "https://registry.npmjs.org/typescript/-/typescript-3.9.6.tgz",
			"integrity": "sha512-Pspx3oKAPJtjNwE92YS05HQoY7z2SFyOpHo9MqJor3BXAGNaPUs83CuVp9VISFkSjyRfiTpmKuAYGJB7S7hOxw==",
			"dev": true
		}
	}
}
